// !$*UTF8*$!
{
	archiveVersion = 1;
	classes = {
	};
	objectVersion = 51;
	objects = {

/* Begin PBXBuildFile section */
		A438EB0A251B3F3600FB1934 /* AppDelegate.swift in Sources */ = {isa = PBXBuildFile; fileRef = A438EB09251B3F3600FB1934 /* AppDelegate.swift */; };
		A438EB0C251B3F3600FB1934 /* SceneDelegate.swift in Sources */ = {isa = PBXBuildFile; fileRef = A438EB0B251B3F3600FB1934 /* SceneDelegate.swift */; };
		A438EB13251B3F3600FB1934 /* Assets.xcassets in Resources */ = {isa = PBXBuildFile; fileRef = A438EB12251B3F3600FB1934 /* Assets.xcassets */; };
		A438EB16251B3F3600FB1934 /* LaunchScreen.storyboard in Resources */ = {isa = PBXBuildFile; fileRef = A438EB14251B3F3600FB1934 /* LaunchScreen.storyboard */; };
		A438EB21251B3F3700FB1934 /* GenesisTestTests.swift in Sources */ = {isa = PBXBuildFile; fileRef = A438EB20251B3F3700FB1934 /* GenesisTestTests.swift */; };
		A438EB2C251B3F3700FB1934 /* GenesisTestUITests.swift in Sources */ = {isa = PBXBuildFile; fileRef = A438EB2B251B3F3700FB1934 /* GenesisTestUITests.swift */; };
		A438EB46251B5C6500FB1934 /* Helper.swift in Sources */ = {isa = PBXBuildFile; fileRef = A438EB45251B5C6500FB1934 /* Helper.swift */; };
		A438EB5D251B850B00FB1934 /* LoginProtocol.swift in Sources */ = {isa = PBXBuildFile; fileRef = A438EB5C251B850B00FB1934 /* LoginProtocol.swift */; };
		A438EB65251B852500FB1934 /* LoginViewController.swift in Sources */ = {isa = PBXBuildFile; fileRef = A438EB64251B852500FB1934 /* LoginViewController.swift */; };
		A438EB6A251B853F00FB1934 /* LoginInteractor.swift in Sources */ = {isa = PBXBuildFile; fileRef = A438EB69251B853F00FB1934 /* LoginInteractor.swift */; };
		A438EB6F251B855C00FB1934 /* LoginPresenter.swift in Sources */ = {isa = PBXBuildFile; fileRef = A438EB6E251B855C00FB1934 /* LoginPresenter.swift */; };
		A447B4B92523CA3100C03127 /* Builder.swift in Sources */ = {isa = PBXBuildFile; fileRef = A447B4B82523CA3100C03127 /* Builder.swift */; };
		A447B4C12523CABA00C03127 /* Constants.swift in Sources */ = {isa = PBXBuildFile; fileRef = A447B4C02523CABA00C03127 /* Constants.swift */; };
		A447B4DC2523CF7E00C03127 /* Endpoints.swift in Sources */ = {isa = PBXBuildFile; fileRef = A447B4DB2523CF7E00C03127 /* Endpoints.swift */; };
		A447B4E42523E0C300C03127 /* NetworkManager.swift in Sources */ = {isa = PBXBuildFile; fileRef = A447B4E32523E0C300C03127 /* NetworkManager.swift */; };
		A447B4E92523E20200C03127 /* NetworkManagerProtocol.swift in Sources */ = {isa = PBXBuildFile; fileRef = A447B4E82523E20200C03127 /* NetworkManagerProtocol.swift */; };
		A4800DA2252B570100B47F96 /* LoginEntity.swift in Sources */ = {isa = PBXBuildFile; fileRef = A4800DA1252B570100B47F96 /* LoginEntity.swift */; };
		A4800DA7252BAA0500B47F96 /* LoginBuilder.swift in Sources */ = {isa = PBXBuildFile; fileRef = A4800DA6252BAA0500B47F96 /* LoginBuilder.swift */; };
		A4800DAF252BB3FB00B47F96 /* GithubUtility.swift in Sources */ = {isa = PBXBuildFile; fileRef = A4800DAE252BB3FB00B47F96 /* GithubUtility.swift */; };
		A4800DC3252BC31200B47F96 /* RepositoryPresenter.swift in Sources */ = {isa = PBXBuildFile; fileRef = A4800DBD252BC31200B47F96 /* RepositoryPresenter.swift */; };
		A4800DC4252BC31200B47F96 /* RepositoryRouter.swift in Sources */ = {isa = PBXBuildFile; fileRef = A4800DBE252BC31200B47F96 /* RepositoryRouter.swift */; };
		A4800DC6252BC31200B47F96 /* RepositoryInteractor.swift in Sources */ = {isa = PBXBuildFile; fileRef = A4800DC0252BC31200B47F96 /* RepositoryInteractor.swift */; };
		A4800DC7252BC31200B47F96 /* RepositoryView.swift in Sources */ = {isa = PBXBuildFile; fileRef = A4800DC1252BC31200B47F96 /* RepositoryView.swift */; };
		A4800DD5252BC38E00B47F96 /* RepositoryProtocol.swift in Sources */ = {isa = PBXBuildFile; fileRef = A4800DD4252BC38E00B47F96 /* RepositoryProtocol.swift */; };
		A484EC52256695EC00393E60 /* API.swift in Sources */ = {isa = PBXBuildFile; fileRef = A484EC51256695EC00393E60 /* API.swift */; };
		A484EC5A2566B3B500393E60 /* UIView+Extension.swift in Sources */ = {isa = PBXBuildFile; fileRef = A484EC592566B3B500393E60 /* UIView+Extension.swift */; };
		A484EC692566DE3200393E60 /* RepositoryBuilder.swift in Sources */ = {isa = PBXBuildFile; fileRef = A484EC682566DE3200393E60 /* RepositoryBuilder.swift */; };
		A484EC7C256BC72400393E60 /* RxApollo.swift in Sources */ = {isa = PBXBuildFile; fileRef = A484EC7B256BC72400393E60 /* RxApollo.swift */; };
		A4DFAB3F252D1C3600185A76 /* UIAlertController+Ext.swift in Sources */ = {isa = PBXBuildFile; fileRef = A4DFAB0C252CCE6E00185A76 /* UIAlertController+Ext.swift */; };
		A4DFAB43252D1C4500185A76 /* LoginRouter.swift in Sources */ = {isa = PBXBuildFile; fileRef = A4DFAB11252CF4C000185A76 /* LoginRouter.swift */; };
		A4DFAB47252D1C6700185A76 /* UserDefaultsLocalStorageAdapter.swift in Sources */ = {isa = PBXBuildFile; fileRef = A4DFAAF0252CB6A800185A76 /* UserDefaultsLocalStorageAdapter.swift */; };
		A4DFAB4B252D1C6A00185A76 /* LocalStorageAdapter.swift in Sources */ = {isa = PBXBuildFile; fileRef = A4DFAAF6252CB72400185A76 /* LocalStorageAdapter.swift */; };
		E0007B12FC51CF8F69B7FC8C /* Pods_GenesisTest.framework in Frameworks */ = {isa = PBXBuildFile; fileRef = 27A98DD236D7155BE0B6ED90 /* Pods_GenesisTest.framework */; };
/* End PBXBuildFile section */

/* Begin PBXContainerItemProxy section */
		A438EB1D251B3F3700FB1934 /* PBXContainerItemProxy */ = {
			isa = PBXContainerItemProxy;
			containerPortal = A438EAFE251B3F3600FB1934 /* Project object */;
			proxyType = 1;
			remoteGlobalIDString = A438EB05251B3F3600FB1934;
			remoteInfo = GenesisTest;
		};
		A438EB28251B3F3700FB1934 /* PBXContainerItemProxy */ = {
			isa = PBXContainerItemProxy;
			containerPortal = A438EAFE251B3F3600FB1934 /* Project object */;
			proxyType = 1;
			remoteGlobalIDString = A438EB05251B3F3600FB1934;
			remoteInfo = GenesisTest;
		};
/* End PBXContainerItemProxy section */

/* Begin PBXFileReference section */
		27A98DD236D7155BE0B6ED90 /* Pods_GenesisTest.framework */ = {isa = PBXFileReference; explicitFileType = wrapper.framework; includeInIndex = 0; path = Pods_GenesisTest.framework; sourceTree = BUILT_PRODUCTS_DIR; };
		760343159A2AC5F1FD895B4C /* Pods-GenesisTest.debug.xcconfig */ = {isa = PBXFileReference; includeInIndex = 1; lastKnownFileType = text.xcconfig; name = "Pods-GenesisTest.debug.xcconfig"; path = "Target Support Files/Pods-GenesisTest/Pods-GenesisTest.debug.xcconfig"; sourceTree = "<group>"; };
		A438EB06251B3F3600FB1934 /* GenesisTest.app */ = {isa = PBXFileReference; explicitFileType = wrapper.application; includeInIndex = 0; path = GenesisTest.app; sourceTree = BUILT_PRODUCTS_DIR; };
		A438EB09251B3F3600FB1934 /* AppDelegate.swift */ = {isa = PBXFileReference; lastKnownFileType = sourcecode.swift; path = AppDelegate.swift; sourceTree = "<group>"; };
		A438EB0B251B3F3600FB1934 /* SceneDelegate.swift */ = {isa = PBXFileReference; lastKnownFileType = sourcecode.swift; path = SceneDelegate.swift; sourceTree = "<group>"; };
		A438EB12251B3F3600FB1934 /* Assets.xcassets */ = {isa = PBXFileReference; lastKnownFileType = folder.assetcatalog; path = Assets.xcassets; sourceTree = "<group>"; };
		A438EB15251B3F3600FB1934 /* Base */ = {isa = PBXFileReference; lastKnownFileType = file.storyboard; name = Base; path = Base.lproj/LaunchScreen.storyboard; sourceTree = "<group>"; };
		A438EB17251B3F3600FB1934 /* Info.plist */ = {isa = PBXFileReference; lastKnownFileType = text.plist.xml; path = Info.plist; sourceTree = "<group>"; };
		A438EB1C251B3F3700FB1934 /* GenesisTestTests.xctest */ = {isa = PBXFileReference; explicitFileType = wrapper.cfbundle; includeInIndex = 0; path = GenesisTestTests.xctest; sourceTree = BUILT_PRODUCTS_DIR; };
		A438EB20251B3F3700FB1934 /* GenesisTestTests.swift */ = {isa = PBXFileReference; lastKnownFileType = sourcecode.swift; path = GenesisTestTests.swift; sourceTree = "<group>"; };
		A438EB22251B3F3700FB1934 /* Info.plist */ = {isa = PBXFileReference; lastKnownFileType = text.plist.xml; path = Info.plist; sourceTree = "<group>"; };
		A438EB27251B3F3700FB1934 /* GenesisTestUITests.xctest */ = {isa = PBXFileReference; explicitFileType = wrapper.cfbundle; includeInIndex = 0; path = GenesisTestUITests.xctest; sourceTree = BUILT_PRODUCTS_DIR; };
		A438EB2B251B3F3700FB1934 /* GenesisTestUITests.swift */ = {isa = PBXFileReference; lastKnownFileType = sourcecode.swift; path = GenesisTestUITests.swift; sourceTree = "<group>"; };
		A438EB2D251B3F3700FB1934 /* Info.plist */ = {isa = PBXFileReference; lastKnownFileType = text.plist.xml; path = Info.plist; sourceTree = "<group>"; };
		A438EB45251B5C6500FB1934 /* Helper.swift */ = {isa = PBXFileReference; lastKnownFileType = sourcecode.swift; path = Helper.swift; sourceTree = "<group>"; };
		A438EB5C251B850B00FB1934 /* LoginProtocol.swift */ = {isa = PBXFileReference; lastKnownFileType = sourcecode.swift; path = LoginProtocol.swift; sourceTree = "<group>"; };
		A438EB64251B852500FB1934 /* LoginViewController.swift */ = {isa = PBXFileReference; lastKnownFileType = sourcecode.swift; path = LoginViewController.swift; sourceTree = "<group>"; };
		A438EB69251B853F00FB1934 /* LoginInteractor.swift */ = {isa = PBXFileReference; lastKnownFileType = sourcecode.swift; path = LoginInteractor.swift; sourceTree = "<group>"; };
		A438EB6E251B855C00FB1934 /* LoginPresenter.swift */ = {isa = PBXFileReference; lastKnownFileType = sourcecode.swift; path = LoginPresenter.swift; sourceTree = "<group>"; };
		A447B4B82523CA3100C03127 /* Builder.swift */ = {isa = PBXFileReference; lastKnownFileType = sourcecode.swift; path = Builder.swift; sourceTree = "<group>"; };
		A447B4C02523CABA00C03127 /* Constants.swift */ = {isa = PBXFileReference; lastKnownFileType = sourcecode.swift; path = Constants.swift; sourceTree = "<group>"; };
		A447B4DB2523CF7E00C03127 /* Endpoints.swift */ = {isa = PBXFileReference; lastKnownFileType = sourcecode.swift; path = Endpoints.swift; sourceTree = "<group>"; };
		A447B4E32523E0C300C03127 /* NetworkManager.swift */ = {isa = PBXFileReference; lastKnownFileType = sourcecode.swift; path = NetworkManager.swift; sourceTree = "<group>"; };
		A447B4E82523E20200C03127 /* NetworkManagerProtocol.swift */ = {isa = PBXFileReference; lastKnownFileType = sourcecode.swift; path = NetworkManagerProtocol.swift; sourceTree = "<group>"; };
		A4800DA1252B570100B47F96 /* LoginEntity.swift */ = {isa = PBXFileReference; lastKnownFileType = sourcecode.swift; path = LoginEntity.swift; sourceTree = "<group>"; };
		A4800DA6252BAA0500B47F96 /* LoginBuilder.swift */ = {isa = PBXFileReference; lastKnownFileType = sourcecode.swift; path = LoginBuilder.swift; sourceTree = "<group>"; };
		A4800DAE252BB3FB00B47F96 /* GithubUtility.swift */ = {isa = PBXFileReference; lastKnownFileType = sourcecode.swift; path = GithubUtility.swift; sourceTree = "<group>"; };
		A4800DBD252BC31200B47F96 /* RepositoryPresenter.swift */ = {isa = PBXFileReference; lastKnownFileType = sourcecode.swift; path = RepositoryPresenter.swift; sourceTree = "<group>"; };
		A4800DBE252BC31200B47F96 /* RepositoryRouter.swift */ = {isa = PBXFileReference; lastKnownFileType = sourcecode.swift; path = RepositoryRouter.swift; sourceTree = "<group>"; };
		A4800DC0252BC31200B47F96 /* RepositoryInteractor.swift */ = {isa = PBXFileReference; lastKnownFileType = sourcecode.swift; path = RepositoryInteractor.swift; sourceTree = "<group>"; };
		A4800DC1252BC31200B47F96 /* RepositoryView.swift */ = {isa = PBXFileReference; lastKnownFileType = sourcecode.swift; path = RepositoryView.swift; sourceTree = "<group>"; };
		A4800DD4252BC38E00B47F96 /* RepositoryProtocol.swift */ = {isa = PBXFileReference; lastKnownFileType = sourcecode.swift; path = RepositoryProtocol.swift; sourceTree = "<group>"; };
		A484EC51256695EC00393E60 /* API.swift */ = {isa = PBXFileReference; fileEncoding = 4; lastKnownFileType = sourcecode.swift; name = API.swift; path = GenesisTest/Utils/API.swift; sourceTree = SOURCE_ROOT; };
		A484EC592566B3B500393E60 /* UIView+Extension.swift */ = {isa = PBXFileReference; lastKnownFileType = sourcecode.swift; path = "UIView+Extension.swift"; sourceTree = "<group>"; };
		A484EC682566DE3200393E60 /* RepositoryBuilder.swift */ = {isa = PBXFileReference; lastKnownFileType = sourcecode.swift; path = RepositoryBuilder.swift; sourceTree = "<group>"; };
		A484EC7B256BC72400393E60 /* RxApollo.swift */ = {isa = PBXFileReference; fileEncoding = 4; lastKnownFileType = sourcecode.swift; name = RxApollo.swift; path = ../../../RxApollo.swift; sourceTree = "<group>"; };
		A4DFAAF0252CB6A800185A76 /* UserDefaultsLocalStorageAdapter.swift */ = {isa = PBXFileReference; lastKnownFileType = sourcecode.swift; path = UserDefaultsLocalStorageAdapter.swift; sourceTree = "<group>"; };
		A4DFAAF6252CB72400185A76 /* LocalStorageAdapter.swift */ = {isa = PBXFileReference; lastKnownFileType = sourcecode.swift; path = LocalStorageAdapter.swift; sourceTree = "<group>"; };
		A4DFAB0C252CCE6E00185A76 /* UIAlertController+Ext.swift */ = {isa = PBXFileReference; lastKnownFileType = sourcecode.swift; path = "UIAlertController+Ext.swift"; sourceTree = "<group>"; };
		A4DFAB11252CF4C000185A76 /* LoginRouter.swift */ = {isa = PBXFileReference; lastKnownFileType = sourcecode.swift; path = LoginRouter.swift; sourceTree = "<group>"; };
		A4DFAB16252CFEF300185A76 /* AppDelegateProvider.swift */ = {isa = PBXFileReference; lastKnownFileType = sourcecode.swift; path = AppDelegateProvider.swift; sourceTree = "<group>"; };
		A4DFABE625306E5F00185A76 /* Repository.graphql */ = {isa = PBXFileReference; lastKnownFileType = text; path = Repository.graphql; sourceTree = "<group>"; };
		EDBEAB8CEB685711C46A9F13 /* Pods-GenesisTest.release.xcconfig */ = {isa = PBXFileReference; includeInIndex = 1; lastKnownFileType = text.xcconfig; name = "Pods-GenesisTest.release.xcconfig"; path = "Target Support Files/Pods-GenesisTest/Pods-GenesisTest.release.xcconfig"; sourceTree = "<group>"; };
/* End PBXFileReference section */

/* Begin PBXFrameworksBuildPhase section */
		A438EB03251B3F3600FB1934 /* Frameworks */ = {
			isa = PBXFrameworksBuildPhase;
			buildActionMask = 2147483647;
			files = (
				E0007B12FC51CF8F69B7FC8C /* Pods_GenesisTest.framework in Frameworks */,
			);
			runOnlyForDeploymentPostprocessing = 0;
		};
		A438EB19251B3F3700FB1934 /* Frameworks */ = {
			isa = PBXFrameworksBuildPhase;
			buildActionMask = 2147483647;
			files = (
			);
			runOnlyForDeploymentPostprocessing = 0;
		};
		A438EB24251B3F3700FB1934 /* Frameworks */ = {
			isa = PBXFrameworksBuildPhase;
			buildActionMask = 2147483647;
			files = (
			);
			runOnlyForDeploymentPostprocessing = 0;
		};
/* End PBXFrameworksBuildPhase section */

/* Begin PBXGroup section */
		2697D252D8ACE628193A87FA /* Pods */ = {
			isa = PBXGroup;
			children = (
				760343159A2AC5F1FD895B4C /* Pods-GenesisTest.debug.xcconfig */,
				EDBEAB8CEB685711C46A9F13 /* Pods-GenesisTest.release.xcconfig */,
			);
			path = Pods;
			sourceTree = "<group>";
		};
		A438EAFD251B3F3600FB1934 = {
			isa = PBXGroup;
			children = (
				A438EB08251B3F3600FB1934 /* GenesisTest */,
				A438EB1F251B3F3700FB1934 /* GenesisTestTests */,
				A438EB2A251B3F3700FB1934 /* GenesisTestUITests */,
				A438EB07251B3F3600FB1934 /* Products */,
				2697D252D8ACE628193A87FA /* Pods */,
				A5A3A88DB56359A5B3B4DEF2 /* Frameworks */,
			);
			sourceTree = "<group>";
		};
		A438EB07251B3F3600FB1934 /* Products */ = {
			isa = PBXGroup;
			children = (
				A438EB06251B3F3600FB1934 /* GenesisTest.app */,
				A438EB1C251B3F3700FB1934 /* GenesisTestTests.xctest */,
				A438EB27251B3F3700FB1934 /* GenesisTestUITests.xctest */,
			);
			name = Products;
			sourceTree = "<group>";
		};
		A438EB08251B3F3600FB1934 /* GenesisTest */ = {
			isa = PBXGroup;
			children = (
				A438EB5A251B7D1500FB1934 /* Modules */,
				A438EB59251B7CDF00FB1934 /* Utils */,
				A438EB3C251B588A00FB1934 /* Extensions */,
				A4DFAB21252D126B00185A76 /* App */,
				A4DFAB1F252D121D00185A76 /* Resourses */,
				A4DFAB20252D123900185A76 /* Supporting Files */,
			);
			path = GenesisTest;
			sourceTree = "<group>";
		};
		A438EB1F251B3F3700FB1934 /* GenesisTestTests */ = {
			isa = PBXGroup;
			children = (
				A438EB20251B3F3700FB1934 /* GenesisTestTests.swift */,
				A438EB22251B3F3700FB1934 /* Info.plist */,
			);
			path = GenesisTestTests;
			sourceTree = "<group>";
		};
		A438EB2A251B3F3700FB1934 /* GenesisTestUITests */ = {
			isa = PBXGroup;
			children = (
				A438EB2B251B3F3700FB1934 /* GenesisTestUITests.swift */,
				A438EB2D251B3F3700FB1934 /* Info.plist */,
			);
			path = GenesisTestUITests;
			sourceTree = "<group>";
		};
		A438EB3C251B588A00FB1934 /* Extensions */ = {
			isa = PBXGroup;
			children = (
				A438EB45251B5C6500FB1934 /* Helper.swift */,
				A484EC592566B3B500393E60 /* UIView+Extension.swift */,
				A4DFAB0C252CCE6E00185A76 /* UIAlertController+Ext.swift */,
			);
			path = Extensions;
			sourceTree = "<group>";
		};
		A438EB59251B7CDF00FB1934 /* Utils */ = {
			isa = PBXGroup;
			children = (
				A447B4B72523CA2400C03127 /* Builder */,
				A438EB85251B911F00FB1934 /* Network */,
				A4DFAAF5252CB71000185A76 /* LocalStorageAdapter */,
				A484EC51256695EC00393E60 /* API.swift */,
				A4800DAE252BB3FB00B47F96 /* GithubUtility.swift */,
				A447B4C02523CABA00C03127 /* Constants.swift */,
				A447B4DB2523CF7E00C03127 /* Endpoints.swift */,
			);
			path = Utils;
			sourceTree = "<group>";
		};
		A438EB5A251B7D1500FB1934 /* Modules */ = {
			isa = PBXGroup;
			children = (
				A4800DBB252BC29400B47F96 /* Repository */,
				A438EB5B251B84FA00FB1934 /* Login */,
			);
			path = Modules;
			sourceTree = "<group>";
		};
		A438EB5B251B84FA00FB1934 /* Login */ = {
			isa = PBXGroup;
			children = (
				A438EB5C251B850B00FB1934 /* LoginProtocol.swift */,
				A438EB64251B852500FB1934 /* LoginViewController.swift */,
				A438EB69251B853F00FB1934 /* LoginInteractor.swift */,
				A438EB6E251B855C00FB1934 /* LoginPresenter.swift */,
				A4800DA1252B570100B47F96 /* LoginEntity.swift */,
				A4800DA6252BAA0500B47F96 /* LoginBuilder.swift */,
				A4DFAB11252CF4C000185A76 /* LoginRouter.swift */,
			);
			path = Login;
			sourceTree = "<group>";
		};
		A438EB85251B911F00FB1934 /* Network */ = {
			isa = PBXGroup;
			children = (
				A447B4E32523E0C300C03127 /* NetworkManager.swift */,
				A447B4E82523E20200C03127 /* NetworkManagerProtocol.swift */,
			);
			path = Network;
			sourceTree = "<group>";
		};
		A447B4B72523CA2400C03127 /* Builder */ = {
			isa = PBXGroup;
			children = (
				A447B4B82523CA3100C03127 /* Builder.swift */,
			);
			path = Builder;
			sourceTree = "<group>";
		};
		A4800DBB252BC29400B47F96 /* Repository */ = {
			isa = PBXGroup;
			children = (
				A4800DD4252BC38E00B47F96 /* RepositoryProtocol.swift */,
				A4800DBD252BC31200B47F96 /* RepositoryPresenter.swift */,
				A4800DBE252BC31200B47F96 /* RepositoryRouter.swift */,
				A484EC682566DE3200393E60 /* RepositoryBuilder.swift */,
				A4800DC0252BC31200B47F96 /* RepositoryInteractor.swift */,
				A4800DC1252BC31200B47F96 /* RepositoryView.swift */,
			);
			path = Repository;
			sourceTree = "<group>";
		};
		A4DFAAF5252CB71000185A76 /* LocalStorageAdapter */ = {
			isa = PBXGroup;
			children = (
				A4DFAAF0252CB6A800185A76 /* UserDefaultsLocalStorageAdapter.swift */,
				A4DFAAF6252CB72400185A76 /* LocalStorageAdapter.swift */,
			);
			path = LocalStorageAdapter;
			sourceTree = "<group>";
		};
		A4DFAB1F252D121D00185A76 /* Resourses */ = {
			isa = PBXGroup;
			children = (
				A438EB12251B3F3600FB1934 /* Assets.xcassets */,
			);
			path = Resourses;
			sourceTree = "<group>";
		};
		A4DFAB20252D123900185A76 /* Supporting Files */ = {
			isa = PBXGroup;
			children = (
				A438EB14251B3F3600FB1934 /* LaunchScreen.storyboard */,
				A438EB17251B3F3600FB1934 /* Info.plist */,
			);
			path = "Supporting Files";
			sourceTree = "<group>";
		};
		A4DFAB21252D126B00185A76 /* App */ = {
			isa = PBXGroup;
			children = (
				A438EB09251B3F3600FB1934 /* AppDelegate.swift */,
				A438EB0B251B3F3600FB1934 /* SceneDelegate.swift */,
				A4DFAB16252CFEF300185A76 /* AppDelegateProvider.swift */,
				A484EC7B256BC72400393E60 /* RxApollo.swift */,
				A4DFABE625306E5F00185A76 /* Repository.graphql */,
			);
			path = App;
			sourceTree = "<group>";
		};
		A5A3A88DB56359A5B3B4DEF2 /* Frameworks */ = {
			isa = PBXGroup;
			children = (
				27A98DD236D7155BE0B6ED90 /* Pods_GenesisTest.framework */,
			);
			name = Frameworks;
			sourceTree = "<group>";
		};
/* End PBXGroup section */

/* Begin PBXNativeTarget section */
		A438EB05251B3F3600FB1934 /* GenesisTest */ = {
			isa = PBXNativeTarget;
			buildConfigurationList = A438EB30251B3F3700FB1934 /* Build configuration list for PBXNativeTarget "GenesisTest" */;
			buildPhases = (
				B0361579C0DDB35085FD91CA /* [CP] Check Pods Manifest.lock */,
				A438EB02251B3F3600FB1934 /* Sources */,
				A438EB03251B3F3600FB1934 /* Frameworks */,
				A438EB04251B3F3600FB1934 /* Resources */,
				A48B336D20EEB9D8826D41BD /* [CP] Embed Pods Frameworks */,
				A4DFABE725306EA800185A76 /* Apollo CLI */,
			);
			buildRules = (
			);
			dependencies = (
			);
			name = GenesisTest;
			productName = GenesisTest;
			productReference = A438EB06251B3F3600FB1934 /* GenesisTest.app */;
			productType = "com.apple.product-type.application";
		};
		A438EB1B251B3F3700FB1934 /* GenesisTestTests */ = {
			isa = PBXNativeTarget;
			buildConfigurationList = A438EB33251B3F3700FB1934 /* Build configuration list for PBXNativeTarget "GenesisTestTests" */;
			buildPhases = (
				A438EB18251B3F3700FB1934 /* Sources */,
				A438EB19251B3F3700FB1934 /* Frameworks */,
				A438EB1A251B3F3700FB1934 /* Resources */,
			);
			buildRules = (
			);
			dependencies = (
				A438EB1E251B3F3700FB1934 /* PBXTargetDependency */,
			);
			name = GenesisTestTests;
			productName = GenesisTestTests;
			productReference = A438EB1C251B3F3700FB1934 /* GenesisTestTests.xctest */;
			productType = "com.apple.product-type.bundle.unit-test";
		};
		A438EB26251B3F3700FB1934 /* GenesisTestUITests */ = {
			isa = PBXNativeTarget;
			buildConfigurationList = A438EB36251B3F3700FB1934 /* Build configuration list for PBXNativeTarget "GenesisTestUITests" */;
			buildPhases = (
				A438EB23251B3F3700FB1934 /* Sources */,
				A438EB24251B3F3700FB1934 /* Frameworks */,
				A438EB25251B3F3700FB1934 /* Resources */,
			);
			buildRules = (
			);
			dependencies = (
				A438EB29251B3F3700FB1934 /* PBXTargetDependency */,
			);
			name = GenesisTestUITests;
			productName = GenesisTestUITests;
			productReference = A438EB27251B3F3700FB1934 /* GenesisTestUITests.xctest */;
			productType = "com.apple.product-type.bundle.ui-testing";
		};
/* End PBXNativeTarget section */

/* Begin PBXProject section */
		A438EAFE251B3F3600FB1934 /* Project object */ = {
			isa = PBXProject;
			attributes = {
				LastSwiftUpdateCheck = 1200;
				LastUpgradeCheck = 1200;
				TargetAttributes = {
					A438EB05251B3F3600FB1934 = {
						CreatedOnToolsVersion = 12.0;
					};
					A438EB1B251B3F3700FB1934 = {
						CreatedOnToolsVersion = 12.0;
						TestTargetID = A438EB05251B3F3600FB1934;
					};
					A438EB26251B3F3700FB1934 = {
						CreatedOnToolsVersion = 12.0;
						TestTargetID = A438EB05251B3F3600FB1934;
					};
				};
			};
			buildConfigurationList = A438EB01251B3F3600FB1934 /* Build configuration list for PBXProject "GenesisTest" */;
			compatibilityVersion = "Xcode 9.3";
			developmentRegion = en;
			hasScannedForEncodings = 0;
			knownRegions = (
				en,
				Base,
			);
			mainGroup = A438EAFD251B3F3600FB1934;
			productRefGroup = A438EB07251B3F3600FB1934 /* Products */;
			projectDirPath = "";
			projectRoot = "";
			targets = (
				A438EB05251B3F3600FB1934 /* GenesisTest */,
				A438EB1B251B3F3700FB1934 /* GenesisTestTests */,
				A438EB26251B3F3700FB1934 /* GenesisTestUITests */,
			);
		};
/* End PBXProject section */

/* Begin PBXResourcesBuildPhase section */
		A438EB04251B3F3600FB1934 /* Resources */ = {
			isa = PBXResourcesBuildPhase;
			buildActionMask = 2147483647;
			files = (
				A438EB16251B3F3600FB1934 /* LaunchScreen.storyboard in Resources */,
				A438EB13251B3F3600FB1934 /* Assets.xcassets in Resources */,
			);
			runOnlyForDeploymentPostprocessing = 0;
		};
		A438EB1A251B3F3700FB1934 /* Resources */ = {
			isa = PBXResourcesBuildPhase;
			buildActionMask = 2147483647;
			files = (
			);
			runOnlyForDeploymentPostprocessing = 0;
		};
		A438EB25251B3F3700FB1934 /* Resources */ = {
			isa = PBXResourcesBuildPhase;
			buildActionMask = 2147483647;
			files = (
			);
			runOnlyForDeploymentPostprocessing = 0;
		};
/* End PBXResourcesBuildPhase section */

/* Begin PBXShellScriptBuildPhase section */
		A48B336D20EEB9D8826D41BD /* [CP] Embed Pods Frameworks */ = {
			isa = PBXShellScriptBuildPhase;
			buildActionMask = 2147483647;
			files = (
			);
			inputFileListPaths = (
				"${PODS_ROOT}/Target Support Files/Pods-GenesisTest/Pods-GenesisTest-frameworks-${CONFIGURATION}-input-files.xcfilelist",
			);
			name = "[CP] Embed Pods Frameworks";
			outputFileListPaths = (
				"${PODS_ROOT}/Target Support Files/Pods-GenesisTest/Pods-GenesisTest-frameworks-${CONFIGURATION}-output-files.xcfilelist",
			);
			runOnlyForDeploymentPostprocessing = 0;
			shellPath = /bin/sh;
			shellScript = "\"${PODS_ROOT}/Target Support Files/Pods-GenesisTest/Pods-GenesisTest-frameworks.sh\"\n";
			showEnvVarsInLog = 0;
		};
		A4DFABE725306EA800185A76 /* Apollo CLI */ = {
			isa = PBXShellScriptBuildPhase;
			buildActionMask = 2147483647;
			files = (
			);
			inputFileListPaths = (
			);
			inputPaths = (
			);
			name = "Apollo CLI";
			outputFileListPaths = (
			);
			outputPaths = (
			);
			runOnlyForDeploymentPostprocessing = 0;
			shellPath = /bin/sh;
			shellScript = "SCRIPT_PATH=\"${PODS_ROOT}/Apollo/scripts\"\ncd \"${SRCROOT}/${TARGET_NAME}\"\n\"${SCRIPT_PATH}\"/run-bundled-codegen.sh codegen:generate --target=swift --includes=./**/*.graphql --localSchemaFile=\"schema.json\" API.swift\n";
		};
		B0361579C0DDB35085FD91CA /* [CP] Check Pods Manifest.lock */ = {
			isa = PBXShellScriptBuildPhase;
			buildActionMask = 2147483647;
			files = (
			);
			inputFileListPaths = (
			);
			inputPaths = (
				"${PODS_PODFILE_DIR_PATH}/Podfile.lock",
				"${PODS_ROOT}/Manifest.lock",
			);
			name = "[CP] Check Pods Manifest.lock";
			outputFileListPaths = (
			);
			outputPaths = (
				"$(DERIVED_FILE_DIR)/Pods-GenesisTest-checkManifestLockResult.txt",
			);
			runOnlyForDeploymentPostprocessing = 0;
			shellPath = /bin/sh;
			shellScript = "diff \"${PODS_PODFILE_DIR_PATH}/Podfile.lock\" \"${PODS_ROOT}/Manifest.lock\" > /dev/null\nif [ $? != 0 ] ; then\n    # print error to STDERR\n    echo \"error: The sandbox is not in sync with the Podfile.lock. Run 'pod install' or update your CocoaPods installation.\" >&2\n    exit 1\nfi\n# This output is used by Xcode 'outputs' to avoid re-running this script phase.\necho \"SUCCESS\" > \"${SCRIPT_OUTPUT_FILE_0}\"\n";
			showEnvVarsInLog = 0;
		};
/* End PBXShellScriptBuildPhase section */

/* Begin PBXSourcesBuildPhase section */
		A438EB02251B3F3600FB1934 /* Sources */ = {
			isa = PBXSourcesBuildPhase;
			buildActionMask = 2147483647;
			files = (
				A4800DC7252BC31200B47F96 /* RepositoryView.swift in Sources */,
				A447B4E42523E0C300C03127 /* NetworkManager.swift in Sources */,
				A438EB6F251B855C00FB1934 /* LoginPresenter.swift in Sources */,
				A4800DC3252BC31200B47F96 /* RepositoryPresenter.swift in Sources */,
				A438EB65251B852500FB1934 /* LoginViewController.swift in Sources */,
				A4DFAB4B252D1C6A00185A76 /* LocalStorageAdapter.swift in Sources */,
				A438EB6A251B853F00FB1934 /* LoginInteractor.swift in Sources */,
				A4800DC6252BC31200B47F96 /* RepositoryInteractor.swift in Sources */,
				A4800DAF252BB3FB00B47F96 /* GithubUtility.swift in Sources */,
				A4DFAB43252D1C4500185A76 /* LoginRouter.swift in Sources */,
				A4DFAB3F252D1C3600185A76 /* UIAlertController+Ext.swift in Sources */,
				A438EB0A251B3F3600FB1934 /* AppDelegate.swift in Sources */,
				A447B4C12523CABA00C03127 /* Constants.swift in Sources */,
				A447B4B92523CA3100C03127 /* Builder.swift in Sources */,
				A484EC5A2566B3B500393E60 /* UIView+Extension.swift in Sources */,
				A438EB5D251B850B00FB1934 /* LoginProtocol.swift in Sources */,
				A438EB0C251B3F3600FB1934 /* SceneDelegate.swift in Sources */,
				A438EB46251B5C6500FB1934 /* Helper.swift in Sources */,
				A484EC7C256BC72400393E60 /* RxApollo.swift in Sources */,
				A447B4E92523E20200C03127 /* NetworkManagerProtocol.swift in Sources */,
				A484EC692566DE3200393E60 /* RepositoryBuilder.swift in Sources */,
				A4DFAB47252D1C6700185A76 /* UserDefaultsLocalStorageAdapter.swift in Sources */,
				A484EC52256695EC00393E60 /* API.swift in Sources */,
				A4800DA7252BAA0500B47F96 /* LoginBuilder.swift in Sources */,
				A4800DA2252B570100B47F96 /* LoginEntity.swift in Sources */,
				A4800DC4252BC31200B47F96 /* RepositoryRouter.swift in Sources */,
				A447B4DC2523CF7E00C03127 /* Endpoints.swift in Sources */,
				A4800DD5252BC38E00B47F96 /* RepositoryProtocol.swift in Sources */,
			);
			runOnlyForDeploymentPostprocessing = 0;
		};
		A438EB18251B3F3700FB1934 /* Sources */ = {
			isa = PBXSourcesBuildPhase;
			buildActionMask = 2147483647;
			files = (
				A438EB21251B3F3700FB1934 /* GenesisTestTests.swift in Sources */,
			);
			runOnlyForDeploymentPostprocessing = 0;
		};
		A438EB23251B3F3700FB1934 /* Sources */ = {
			isa = PBXSourcesBuildPhase;
			buildActionMask = 2147483647;
			files = (
				A438EB2C251B3F3700FB1934 /* GenesisTestUITests.swift in Sources */,
			);
			runOnlyForDeploymentPostprocessing = 0;
		};
/* End PBXSourcesBuildPhase section */

/* Begin PBXTargetDependency section */
		A438EB1E251B3F3700FB1934 /* PBXTargetDependency */ = {
			isa = PBXTargetDependency;
			target = A438EB05251B3F3600FB1934 /* GenesisTest */;
			targetProxy = A438EB1D251B3F3700FB1934 /* PBXContainerItemProxy */;
		};
		A438EB29251B3F3700FB1934 /* PBXTargetDependency */ = {
			isa = PBXTargetDependency;
			target = A438EB05251B3F3600FB1934 /* GenesisTest */;
			targetProxy = A438EB28251B3F3700FB1934 /* PBXContainerItemProxy */;
		};
/* End PBXTargetDependency section */

/* Begin PBXVariantGroup section */
		A438EB14251B3F3600FB1934 /* LaunchScreen.storyboard */ = {
			isa = PBXVariantGroup;
			children = (
				A438EB15251B3F3600FB1934 /* Base */,
			);
			name = LaunchScreen.storyboard;
			sourceTree = "<group>";
		};
/* End PBXVariantGroup section */

/* Begin XCBuildConfiguration section */
		A438EB2E251B3F3700FB1934 /* Debug */ = {
			isa = XCBuildConfiguration;
			buildSettings = {
				ALWAYS_SEARCH_USER_PATHS = NO;
				CLANG_ANALYZER_NONNULL = YES;
				CLANG_ANALYZER_NUMBER_OBJECT_CONVERSION = YES_AGGRESSIVE;
				CLANG_CXX_LANGUAGE_STANDARD = "gnu++14";
				CLANG_CXX_LIBRARY = "libc++";
				CLANG_ENABLE_MODULES = YES;
				CLANG_ENABLE_OBJC_ARC = YES;
				CLANG_ENABLE_OBJC_WEAK = YES;
				CLANG_WARN_BLOCK_CAPTURE_AUTORELEASING = YES;
				CLANG_WARN_BOOL_CONVERSION = YES;
				CLANG_WARN_COMMA = YES;
				CLANG_WARN_CONSTANT_CONVERSION = YES;
				CLANG_WARN_DEPRECATED_OBJC_IMPLEMENTATIONS = YES;
				CLANG_WARN_DIRECT_OBJC_ISA_USAGE = YES_ERROR;
				CLANG_WARN_DOCUMENTATION_COMMENTS = YES;
				CLANG_WARN_EMPTY_BODY = YES;
				CLANG_WARN_ENUM_CONVERSION = YES;
				CLANG_WARN_INFINITE_RECURSION = YES;
				CLANG_WARN_INT_CONVERSION = YES;
				CLANG_WARN_NON_LITERAL_NULL_CONVERSION = YES;
				CLANG_WARN_OBJC_IMPLICIT_RETAIN_SELF = YES;
				CLANG_WARN_OBJC_LITERAL_CONVERSION = YES;
				CLANG_WARN_OBJC_ROOT_CLASS = YES_ERROR;
				CLANG_WARN_QUOTED_INCLUDE_IN_FRAMEWORK_HEADER = YES;
				CLANG_WARN_RANGE_LOOP_ANALYSIS = YES;
				CLANG_WARN_STRICT_PROTOTYPES = YES;
				CLANG_WARN_SUSPICIOUS_MOVE = YES;
				CLANG_WARN_UNGUARDED_AVAILABILITY = YES_AGGRESSIVE;
				CLANG_WARN_UNREACHABLE_CODE = YES;
				CLANG_WARN__DUPLICATE_METHOD_MATCH = YES;
				COPY_PHASE_STRIP = NO;
				DEBUG_INFORMATION_FORMAT = dwarf;
				ENABLE_STRICT_OBJC_MSGSEND = YES;
				ENABLE_TESTABILITY = YES;
				GCC_C_LANGUAGE_STANDARD = gnu11;
				GCC_DYNAMIC_NO_PIC = NO;
				GCC_NO_COMMON_BLOCKS = YES;
				GCC_OPTIMIZATION_LEVEL = 0;
				GCC_PREPROCESSOR_DEFINITIONS = (
					"DEBUG=1",
					"$(inherited)",
				);
				GCC_WARN_64_TO_32_BIT_CONVERSION = YES;
				GCC_WARN_ABOUT_RETURN_TYPE = YES_ERROR;
				GCC_WARN_UNDECLARED_SELECTOR = YES;
				GCC_WARN_UNINITIALIZED_AUTOS = YES_AGGRESSIVE;
				GCC_WARN_UNUSED_FUNCTION = YES;
				GCC_WARN_UNUSED_VARIABLE = YES;
				IPHONEOS_DEPLOYMENT_TARGET = 13.0;
				MTL_ENABLE_DEBUG_INFO = INCLUDE_SOURCE;
				MTL_FAST_MATH = YES;
				ONLY_ACTIVE_ARCH = YES;
				SDKROOT = iphoneos;
				SWIFT_ACTIVE_COMPILATION_CONDITIONS = DEBUG;
				SWIFT_OPTIMIZATION_LEVEL = "-Onone";
			};
			name = Debug;
		};
		A438EB2F251B3F3700FB1934 /* Release */ = {
			isa = XCBuildConfiguration;
			buildSettings = {
				ALWAYS_SEARCH_USER_PATHS = NO;
				CLANG_ANALYZER_NONNULL = YES;
				CLANG_ANALYZER_NUMBER_OBJECT_CONVERSION = YES_AGGRESSIVE;
				CLANG_CXX_LANGUAGE_STANDARD = "gnu++14";
				CLANG_CXX_LIBRARY = "libc++";
				CLANG_ENABLE_MODULES = YES;
				CLANG_ENABLE_OBJC_ARC = YES;
				CLANG_ENABLE_OBJC_WEAK = YES;
				CLANG_WARN_BLOCK_CAPTURE_AUTORELEASING = YES;
				CLANG_WARN_BOOL_CONVERSION = YES;
				CLANG_WARN_COMMA = YES;
				CLANG_WARN_CONSTANT_CONVERSION = YES;
				CLANG_WARN_DEPRECATED_OBJC_IMPLEMENTATIONS = YES;
				CLANG_WARN_DIRECT_OBJC_ISA_USAGE = YES_ERROR;
				CLANG_WARN_DOCUMENTATION_COMMENTS = YES;
				CLANG_WARN_EMPTY_BODY = YES;
				CLANG_WARN_ENUM_CONVERSION = YES;
				CLANG_WARN_INFINITE_RECURSION = YES;
				CLANG_WARN_INT_CONVERSION = YES;
				CLANG_WARN_NON_LITERAL_NULL_CONVERSION = YES;
				CLANG_WARN_OBJC_IMPLICIT_RETAIN_SELF = YES;
				CLANG_WARN_OBJC_LITERAL_CONVERSION = YES;
				CLANG_WARN_OBJC_ROOT_CLASS = YES_ERROR;
				CLANG_WARN_QUOTED_INCLUDE_IN_FRAMEWORK_HEADER = YES;
				CLANG_WARN_RANGE_LOOP_ANALYSIS = YES;
				CLANG_WARN_STRICT_PROTOTYPES = YES;
				CLANG_WARN_SUSPICIOUS_MOVE = YES;
				CLANG_WARN_UNGUARDED_AVAILABILITY = YES_AGGRESSIVE;
				CLANG_WARN_UNREACHABLE_CODE = YES;
				CLANG_WARN__DUPLICATE_METHOD_MATCH = YES;
				COPY_PHASE_STRIP = NO;
				DEBUG_INFORMATION_FORMAT = "dwarf-with-dsym";
				ENABLE_NS_ASSERTIONS = NO;
				ENABLE_STRICT_OBJC_MSGSEND = YES;
				GCC_C_LANGUAGE_STANDARD = gnu11;
				GCC_NO_COMMON_BLOCKS = YES;
				GCC_WARN_64_TO_32_BIT_CONVERSION = YES;
				GCC_WARN_ABOUT_RETURN_TYPE = YES_ERROR;
				GCC_WARN_UNDECLARED_SELECTOR = YES;
				GCC_WARN_UNINITIALIZED_AUTOS = YES_AGGRESSIVE;
				GCC_WARN_UNUSED_FUNCTION = YES;
				GCC_WARN_UNUSED_VARIABLE = YES;
				IPHONEOS_DEPLOYMENT_TARGET = 13.0;
				MTL_ENABLE_DEBUG_INFO = NO;
				MTL_FAST_MATH = YES;
				SDKROOT = iphoneos;
				SWIFT_COMPILATION_MODE = wholemodule;
				SWIFT_OPTIMIZATION_LEVEL = "-O";
				VALIDATE_PRODUCT = YES;
			};
			name = Release;
		};
		A438EB31251B3F3700FB1934 /* Debug */ = {
			isa = XCBuildConfiguration;
			baseConfigurationReference = 760343159A2AC5F1FD895B4C /* Pods-GenesisTest.debug.xcconfig */;
			buildSettings = {
				ASSETCATALOG_COMPILER_APPICON_NAME = AppIcon;
				ASSETCATALOG_COMPILER_GLOBAL_ACCENT_COLOR_NAME = AccentColor;
				CODE_SIGN_STYLE = Automatic;
				DEVELOPMENT_TEAM = 663DYMD95T;
				INFOPLIST_FILE = "GenesisTest/Supporting Files/Info.plist";
				LD_RUNPATH_SEARCH_PATHS = (
					"$(inherited)",
					"@executable_path/Frameworks",
				);
				PRODUCT_BUNDLE_IDENTIFIER = com.GenesisTest;
				PRODUCT_NAME = "$(TARGET_NAME)";
				SWIFT_VERSION = 5.0;
				TARGETED_DEVICE_FAMILY = 1;
			};
			name = Debug;
		};
		A438EB32251B3F3700FB1934 /* Release */ = {
			isa = XCBuildConfiguration;
			baseConfigurationReference = EDBEAB8CEB685711C46A9F13 /* Pods-GenesisTest.release.xcconfig */;
			buildSettings = {
				ASSETCATALOG_COMPILER_APPICON_NAME = AppIcon;
				ASSETCATALOG_COMPILER_GLOBAL_ACCENT_COLOR_NAME = AccentColor;
				CODE_SIGN_STYLE = Automatic;
				DEVELOPMENT_TEAM = 663DYMD95T;
				INFOPLIST_FILE = "GenesisTest/Supporting Files/Info.plist";
				LD_RUNPATH_SEARCH_PATHS = (
					"$(inherited)",
					"@executable_path/Frameworks",
				);
				PRODUCT_BUNDLE_IDENTIFIER = com.GenesisTest;
				PRODUCT_NAME = "$(TARGET_NAME)";
				SWIFT_VERSION = 5.0;
				TARGETED_DEVICE_FAMILY = 1;
			};
			name = Release;
		};
		A438EB34251B3F3700FB1934 /* Debug */ = {
			isa = XCBuildConfiguration;
			buildSettings = {
				ALWAYS_EMBED_SWIFT_STANDARD_LIBRARIES = YES;
				BUNDLE_LOADER = "$(TEST_HOST)";
				CODE_SIGN_STYLE = Automatic;
				DEVELOPMENT_TEAM = 663DYMD95T;
				INFOPLIST_FILE = GenesisTestTests/Info.plist;
				IPHONEOS_DEPLOYMENT_TARGET = 14.0;
				LD_RUNPATH_SEARCH_PATHS = (
					"$(inherited)",
					"@executable_path/Frameworks",
					"@loader_path/Frameworks",
				);
				PRODUCT_BUNDLE_IDENTIFIER = com.GenesisTestTests;
				PRODUCT_NAME = "$(TARGET_NAME)";
				SWIFT_VERSION = 5.0;
				TARGETED_DEVICE_FAMILY = "1,2";
				TEST_HOST = "$(BUILT_PRODUCTS_DIR)/GenesisTest.app/GenesisTest";
			};
			name = Debug;
		};
		A438EB35251B3F3700FB1934 /* Release */ = {
			isa = XCBuildConfiguration;
			buildSettings = {
				ALWAYS_EMBED_SWIFT_STANDARD_LIBRARIES = YES;
				BUNDLE_LOADER = "$(TEST_HOST)";
				CODE_SIGN_STYLE = Automatic;
				DEVELOPMENT_TEAM = 663DYMD95T;
				INFOPLIST_FILE = GenesisTestTests/Info.plist;
				IPHONEOS_DEPLOYMENT_TARGET = 14.0;
				LD_RUNPATH_SEARCH_PATHS = (
					"$(inherited)",
					"@executable_path/Frameworks",
					"@loader_path/Frameworks",
				);
				PRODUCT_BUNDLE_IDENTIFIER = com.GenesisTestTests;
				PRODUCT_NAME = "$(TARGET_NAME)";
				SWIFT_VERSION = 5.0;
				TARGETED_DEVICE_FAMILY = "1,2";
				TEST_HOST = "$(BUILT_PRODUCTS_DIR)/GenesisTest.app/GenesisTest";
			};
			name = Release;
		};
		A438EB37251B3F3700FB1934 /* Debug */ = {
			isa = XCBuildConfiguration;
			buildSettings = {
				ALWAYS_EMBED_SWIFT_STANDARD_LIBRARIES = YES;
				CODE_SIGN_STYLE = Automatic;
				DEVELOPMENT_TEAM = 663DYMD95T;
				INFOPLIST_FILE = GenesisTestUITests/Info.plist;
				LD_RUNPATH_SEARCH_PATHS = (
					"$(inherited)",
					"@executable_path/Frameworks",
					"@loader_path/Frameworks",
				);
				PRODUCT_BUNDLE_IDENTIFIER = com.GenesisTestUITests;
				PRODUCT_NAME = "$(TARGET_NAME)";
				SWIFT_VERSION = 5.0;
				TARGETED_DEVICE_FAMILY = "1,2";
				TEST_TARGET_NAME = GenesisTest;
			};
			name = Debug;
		};
		A438EB38251B3F3700FB1934 /* Release */ = {
			isa = XCBuildConfiguration;
			buildSettings = {
				ALWAYS_EMBED_SWIFT_STANDARD_LIBRARIES = YES;
				CODE_SIGN_STYLE = Automatic;
				DEVELOPMENT_TEAM = 663DYMD95T;
				INFOPLIST_FILE = GenesisTestUITests/Info.plist;
				LD_RUNPATH_SEARCH_PATHS = (
					"$(inherited)",
					"@executable_path/Frameworks",
					"@loader_path/Frameworks",
				);
				PRODUCT_BUNDLE_IDENTIFIER = com.GenesisTestUITests;
				PRODUCT_NAME = "$(TARGET_NAME)";
				SWIFT_VERSION = 5.0;
				TARGETED_DEVICE_FAMILY = "1,2";
				TEST_TARGET_NAME = GenesisTest;
			};
			name = Release;
		};
/* End XCBuildConfiguration section */

/* Begin XCConfigurationList section */
		A438EB01251B3F3600FB1934 /* Build configuration list for PBXProject "GenesisTest" */ = {
			isa = XCConfigurationList;
			buildConfigurations = (
				A438EB2E251B3F3700FB1934 /* Debug */,
				A438EB2F251B3F3700FB1934 /* Release */,
			);
			defaultConfigurationIsVisible = 0;
			defaultConfigurationName = Release;
		};
		A438EB30251B3F3700FB1934 /* Build configuration list for PBXNativeTarget "GenesisTest" */ = {
			isa = XCConfigurationList;
			buildConfigurations = (
				A438EB31251B3F3700FB1934 /* Debug */,
				A438EB32251B3F3700FB1934 /* Release */,
			);
			defaultConfigurationIsVisible = 0;
			defaultConfigurationName = Release;
		};
		A438EB33251B3F3700FB1934 /* Build configuration list for PBXNativeTarget "GenesisTestTests" */ = {
			isa = XCConfigurationList;
			buildConfigurations = (
				A438EB34251B3F3700FB1934 /* Debug */,
				A438EB35251B3F3700FB1934 /* Release */,
			);
			defaultConfigurationIsVisible = 0;
			defaultConfigurationName = Release;
		};
		A438EB36251B3F3700FB1934 /* Build configuration list for PBXNativeTarget "GenesisTestUITests" */ = {
			isa = XCConfigurationList;
			buildConfigurations = (
				A438EB37251B3F3700FB1934 /* Debug */,
				A438EB38251B3F3700FB1934 /* Release */,
			);
			defaultConfigurationIsVisible = 0;
			defaultConfigurationName = Release;
		};
/* End XCConfigurationList section */
	};
	rootObject = A438EAFE251B3F3600FB1934 /* Project object */;
}
